// !$*UTF8*$!
{
	archiveVersion = 1;
	classes = {
	};
	objectVersion = 56;
	objects = {

/* Begin PBXBuildFile section */
		001586842AF4BBB7008BF970 /* OrderDetails.swift in Sources */ = {isa = PBXBuildFile; fileRef = 001586832AF4BBB7008BF970 /* OrderDetails.swift */; };
		0015868B2AF5003B008BF970 /* orderData.xcdatamodeld in Sources */ = {isa = PBXBuildFile; fileRef = 001586892AF5003B008BF970 /* orderData.xcdatamodeld */; };
		004B4AE72AF21E3A0091160B /* cupcakeCornerApp.swift in Sources */ = {isa = PBXBuildFile; fileRef = 004B4AE62AF21E3A0091160B /* cupcakeCornerApp.swift */; };
		004B4AE92AF21E3A0091160B /* ContentView.swift in Sources */ = {isa = PBXBuildFile; fileRef = 004B4AE82AF21E3A0091160B /* ContentView.swift */; };
		004B4AEB2AF21E3B0091160B /* Assets.xcassets in Resources */ = {isa = PBXBuildFile; fileRef = 004B4AEA2AF21E3B0091160B /* Assets.xcassets */; };
		004B4AEE2AF21E3B0091160B /* Preview Assets.xcassets in Resources */ = {isa = PBXBuildFile; fileRef = 004B4AED2AF21E3B0091160B /* Preview Assets.xcassets */; };
		004B4AF52AF237A60091160B /* User.swift in Sources */ = {isa = PBXBuildFile; fileRef = 004B4AF42AF237A60091160B /* User.swift */; };
		004B4AF92AF26DCA0091160B /* AsyncImage.swift in Sources */ = {isa = PBXBuildFile; fileRef = 004B4AF82AF26DCA0091160B /* AsyncImage.swift */; };
		004B4AFD2AF282190091160B /* LoginView.swift in Sources */ = {isa = PBXBuildFile; fileRef = 004B4AFC2AF282190091160B /* LoginView.swift */; };
		004B4AFF2AF2823E0091160B /* Order.swift in Sources */ = {isa = PBXBuildFile; fileRef = 004B4AFE2AF2823E0091160B /* Order.swift */; };
		004B4B012AF28AE90091160B /* AddressView.swift in Sources */ = {isa = PBXBuildFile; fileRef = 004B4B002AF28AE90091160B /* AddressView.swift */; };
		005553B22AF3B1AB0042AC3D /* CheckoutView.swift in Sources */ = {isa = PBXBuildFile; fileRef = 005553B12AF3B1AB0042AC3D /* CheckoutView.swift */; };
/* End PBXBuildFile section */

/* Begin PBXFileReference section */
		001586832AF4BBB7008BF970 /* OrderDetails.swift */ = {isa = PBXFileReference; lastKnownFileType = sourcecode.swift; path = OrderDetails.swift; sourceTree = "<group>"; };
		0015868A2AF5003B008BF970 /* orderData.xcdatamodel */ = {isa = PBXFileReference; lastKnownFileType = wrapper.xcdatamodel; path = orderData.xcdatamodel; sourceTree = "<group>"; };
		004B4AE32AF21E3A0091160B /* cupcakeCorner.app */ = {isa = PBXFileReference; explicitFileType = wrapper.application; includeInIndex = 0; path = cupcakeCorner.app; sourceTree = BUILT_PRODUCTS_DIR; };
		004B4AE62AF21E3A0091160B /* cupcakeCornerApp.swift */ = {isa = PBXFileReference; lastKnownFileType = sourcecode.swift; path = cupcakeCornerApp.swift; sourceTree = "<group>"; };
		004B4AE82AF21E3A0091160B /* ContentView.swift */ = {isa = PBXFileReference; lastKnownFileType = sourcecode.swift; path = ContentView.swift; sourceTree = "<group>"; };
		004B4AEA2AF21E3B0091160B /* Assets.xcassets */ = {isa = PBXFileReference; lastKnownFileType = folder.assetcatalog; path = Assets.xcassets; sourceTree = "<group>"; };
		004B4AED2AF21E3B0091160B /* Preview Assets.xcassets */ = {isa = PBXFileReference; lastKnownFileType = folder.assetcatalog; path = "Preview Assets.xcassets"; sourceTree = "<group>"; };
		004B4AF42AF237A60091160B /* User.swift */ = {isa = PBXFileReference; lastKnownFileType = sourcecode.swift; path = User.swift; sourceTree = "<group>"; };
		004B4AF82AF26DCA0091160B /* AsyncImage.swift */ = {isa = PBXFileReference; lastKnownFileType = sourcecode.swift; path = AsyncImage.swift; sourceTree = "<group>"; };
		004B4AFC2AF282190091160B /* LoginView.swift */ = {isa = PBXFileReference; lastKnownFileType = sourcecode.swift; path = LoginView.swift; sourceTree = "<group>"; };
		004B4AFE2AF2823E0091160B /* Order.swift */ = {isa = PBXFileReference; lastKnownFileType = sourcecode.swift; path = Order.swift; sourceTree = "<group>"; };
		004B4B002AF28AE90091160B /* AddressView.swift */ = {isa = PBXFileReference; lastKnownFileType = sourcecode.swift; path = AddressView.swift; sourceTree = "<group>"; };
		005553B12AF3B1AB0042AC3D /* CheckoutView.swift */ = {isa = PBXFileReference; lastKnownFileType = sourcecode.swift; path = CheckoutView.swift; sourceTree = "<group>"; };
/* End PBXFileReference section */

/* Begin PBXFrameworksBuildPhase section */
		004B4AE02AF21E3A0091160B /* Frameworks */ = {
			isa = PBXFrameworksBuildPhase;
			buildActionMask = 2147483647;
			files = (
			);
			runOnlyForDeploymentPostprocessing = 0;
		};
/* End PBXFrameworksBuildPhase section */

/* Begin PBXGroup section */
		004B4ADA2AF21E3A0091160B = {
			isa = PBXGroup;
			children = (
				004B4AE52AF21E3A0091160B /* cupcakeCorner */,
				004B4AE42AF21E3A0091160B /* Products */,
			);
			sourceTree = "<group>";
		};
		004B4AE42AF21E3A0091160B /* Products */ = {
			isa = PBXGroup;
			children = (
				004B4AE32AF21E3A0091160B /* cupcakeCorner.app */,
			);
			name = Products;
			sourceTree = "<group>";
		};
		004B4AE52AF21E3A0091160B /* cupcakeCorner */ = {
			isa = PBXGroup;
			children = (
				004B4AE62AF21E3A0091160B /* cupcakeCornerApp.swift */,
				001586832AF4BBB7008BF970 /* OrderDetails.swift */,
				001586892AF5003B008BF970 /* orderData.xcdatamodeld */,
				004B4AE82AF21E3A0091160B /* ContentView.swift */,
				004B4AFE2AF2823E0091160B /* Order.swift */,
				004B4B002AF28AE90091160B /* AddressView.swift */,
				005553B12AF3B1AB0042AC3D /* CheckoutView.swift */,
				004B4AFC2AF282190091160B /* LoginView.swift */,
				004B4AF82AF26DCA0091160B /* AsyncImage.swift */,
				004B4AF42AF237A60091160B /* User.swift */,
				004B4AEA2AF21E3B0091160B /* Assets.xcassets */,
				004B4AEC2AF21E3B0091160B /* Preview Content */,
			);
			path = cupcakeCorner;
			sourceTree = "<group>";
		};
		004B4AEC2AF21E3B0091160B /* Preview Content */ = {
			isa = PBXGroup;
			children = (
				004B4AED2AF21E3B0091160B /* Preview Assets.xcassets */,
			);
			path = "Preview Content";
			sourceTree = "<group>";
		};
/* End PBXGroup section */

/* Begin PBXNativeTarget section */
		004B4AE22AF21E3A0091160B /* cupcakeCorner */ = {
			isa = PBXNativeTarget;
			buildConfigurationList = 004B4AF12AF21E3B0091160B /* Build configuration list for PBXNativeTarget "cupcakeCorner" */;
			buildPhases = (
				004B4ADF2AF21E3A0091160B /* Sources */,
				004B4AE02AF21E3A0091160B /* Frameworks */,
				004B4AE12AF21E3A0091160B /* Resources */,
			);
			buildRules = (
			);
			dependencies = (
			);
			name = cupcakeCorner;
			productName = cupcakeCorner;
			productReference = 004B4AE32AF21E3A0091160B /* cupcakeCorner.app */;
			productType = "com.apple.product-type.application";
		};
/* End PBXNativeTarget section */

/* Begin PBXProject section */
		004B4ADB2AF21E3A0091160B /* Project object */ = {
			isa = PBXProject;
			attributes = {
				BuildIndependentTargetsInParallel = 1;
				LastSwiftUpdateCheck = 1500;
				LastUpgradeCheck = 1500;
				TargetAttributes = {
					004B4AE22AF21E3A0091160B = {
						CreatedOnToolsVersion = 15.0.1;
					};
				};
			};
			buildConfigurationList = 004B4ADE2AF21E3A0091160B /* Build configuration list for PBXProject "cupcakeCorner" */;
			compatibilityVersion = "Xcode 14.0";
			developmentRegion = en;
			hasScannedForEncodings = 0;
			knownRegions = (
				en,
				Base,
			);
			mainGroup = 004B4ADA2AF21E3A0091160B;
			productRefGroup = 004B4AE42AF21E3A0091160B /* Products */;
			projectDirPath = "";
			projectRoot = "";
			targets = (
				004B4AE22AF21E3A0091160B /* cupcakeCorner */,
			);
		};
/* End PBXProject section */

/* Begin PBXResourcesBuildPhase section */
		004B4AE12AF21E3A0091160B /* Resources */ = {
			isa = PBXResourcesBuildPhase;
			buildActionMask = 2147483647;
			files = (
				004B4AEE2AF21E3B0091160B /* Preview Assets.xcassets in Resources */,
				004B4AEB2AF21E3B0091160B /* Assets.xcassets in Resources */,
			);
			runOnlyForDeploymentPostprocessing = 0;
		};
/* End PBXResourcesBuildPhase section */

/* Begin PBXSourcesBuildPhase section */
		004B4ADF2AF21E3A0091160B /* Sources */ = {
			isa = PBXSourcesBuildPhase;
			buildActionMask = 2147483647;
			files = (
				004B4AFD2AF282190091160B /* LoginView.swift in Sources */,
				004B4AFF2AF2823E0091160B /* Order.swift in Sources */,
				004B4AF92AF26DCA0091160B /* AsyncImage.swift in Sources */,
				004B4AE92AF21E3A0091160B /* ContentView.swift in Sources */,
				004B4B012AF28AE90091160B /* AddressView.swift in Sources */,
				004B4AE72AF21E3A0091160B /* cupcakeCornerApp.swift in Sources */,
				005553B22AF3B1AB0042AC3D /* CheckoutView.swift in Sources */,
				001586842AF4BBB7008BF970 /* OrderDetails.swift in Sources */,
				0015868B2AF5003B008BF970 /* orderData.xcdatamodeld in Sources */,
				004B4AF52AF237A60091160B /* User.swift in Sources */,
			);
			runOnlyForDeploymentPostprocessing = 0;
		};
/* End PBXSourcesBuildPhase section */

/* Begin XCBuildConfiguration section */
		004B4AEF2AF21E3B0091160B /* Debug */ = {
			isa = XCBuildConfiguration;
			buildSettings = {
				ALWAYS_SEARCH_USER_PATHS = NO;
				ASSETCATALOG_COMPILER_GENERATE_SWIFT_ASSET_SYMBOL_EXTENSIONS = YES;
				CLANG_ANALYZER_NONNULL = YES;
				CLANG_ANALYZER_NUMBER_OBJECT_CONVERSION = YES_AGGRESSIVE;
				CLANG_CXX_LANGUAGE_STANDARD = "gnu++20";
				CLANG_ENABLE_MODULES = YES;
				CLANG_ENABLE_OBJC_ARC = YES;
				CLANG_ENABLE_OBJC_WEAK = YES;
				CLANG_WARN_BLOCK_CAPTURE_AUTORELEASING = YES;
				CLANG_WARN_BOOL_CONVERSION = YES;
				CLANG_WARN_COMMA = YES;
				CLANG_WARN_CONSTANT_CONVERSION = YES;
				CLANG_WARN_DEPRECATED_OBJC_IMPLEMENTATIONS = YES;
				CLANG_WARN_DIRECT_OBJC_ISA_USAGE = YES_ERROR;
				CLANG_WARN_DOCUMENTATION_COMMENTS = YES;
				CLANG_WARN_EMPTY_BODY = YES;
				CLANG_WARN_ENUM_CONVERSION = YES;
				CLANG_WARN_INFINITE_RECURSION = YES;
				CLANG_WARN_INT_CONVERSION = YES;
				CLANG_WARN_NON_LITERAL_NULL_CONVERSION = YES;
				CLANG_WARN_OBJC_IMPLICIT_RETAIN_SELF = YES;
				CLANG_WARN_OBJC_LITERAL_CONVERSION = YES;
				CLANG_WARN_OBJC_ROOT_CLASS = YES_ERROR;
				CLANG_WARN_QUOTED_INCLUDE_IN_FRAMEWORK_HEADER = YES;
				CLANG_WARN_RANGE_LOOP_ANALYSIS = YES;
				CLANG_WARN_STRICT_PROTOTYPES = YES;
				CLANG_WARN_SUSPICIOUS_MOVE = YES;
				CLANG_WARN_UNGUARDED_AVAILABILITY = YES_AGGRESSIVE;
				CLANG_WARN_UNREACHABLE_CODE = YES;
				CLANG_WARN__DUPLICATE_METHOD_MATCH = YES;
				COPY_PHASE_STRIP = NO;
				DEBUG_INFORMATION_FORMAT = dwarf;
				ENABLE_STRICT_OBJC_MSGSEND = YES;
				ENABLE_TESTABILITY = YES;
				ENABLE_USER_SCRIPT_SANDBOXING = YES;
				GCC_C_LANGUAGE_STANDARD = gnu17;
				GCC_DYNAMIC_NO_PIC = NO;
				GCC_NO_COMMON_BLOCKS = YES;
				GCC_OPTIMIZATION_LEVEL = 0;
				GCC_PREPROCESSOR_DEFINITIONS = (
					"DEBUG=1",
					"$(inherited)",
				);
				GCC_WARN_64_TO_32_BIT_CONVERSION = YES;
				GCC_WARN_ABOUT_RETURN_TYPE = YES_ERROR;
				GCC_WARN_UNDECLARED_SELECTOR = YES;
				GCC_WARN_UNINITIALIZED_AUTOS = YES_AGGRESSIVE;
				GCC_WARN_UNUSED_FUNCTION = YES;
				GCC_WARN_UNUSED_VARIABLE = YES;
				IPHONEOS_DEPLOYMENT_TARGET = 17.0;
				LOCALIZATION_PREFERS_STRING_CATALOGS = YES;
				MTL_ENABLE_DEBUG_INFO = INCLUDE_SOURCE;
				MTL_FAST_MATH = YES;
				ONLY_ACTIVE_ARCH = YES;
				SDKROOT = iphoneos;
				SWIFT_ACTIVE_COMPILATION_CONDITIONS = "DEBUG $(inherited)";
				SWIFT_OPTIMIZATION_LEVEL = "-Onone";
			};
			name = Debug;
		};
		004B4AF02AF21E3B0091160B /* Release */ = {
			isa = XCBuildConfiguration;
			buildSettings = {
				ALWAYS_SEARCH_USER_PATHS = NO;
				ASSETCATALOG_COMPILER_GENERATE_SWIFT_ASSET_SYMBOL_EXTENSIONS = YES;
				CLANG_ANALYZER_NONNULL = YES;
				CLANG_ANALYZER_NUMBER_OBJECT_CONVERSION = YES_AGGRESSIVE;
				CLANG_CXX_LANGUAGE_STANDARD = "gnu++20";
				CLANG_ENABLE_MODULES = YES;
				CLANG_ENABLE_OBJC_ARC = YES;
				CLANG_ENABLE_OBJC_WEAK = YES;
				CLANG_WARN_BLOCK_CAPTURE_AUTORELEASING = YES;
				CLANG_WARN_BOOL_CONVERSION = YES;
				CLANG_WARN_COMMA = YES;
				CLANG_WARN_CONSTANT_CONVERSION = YES;
				CLANG_WARN_DEPRECATED_OBJC_IMPLEMENTATIONS = YES;
				CLANG_WARN_DIRECT_OBJC_ISA_USAGE = YES_ERROR;
				CLANG_WARN_DOCUMENTATION_COMMENTS = YES;
				CLANG_WARN_EMPTY_BODY = YES;
				CLANG_WARN_ENUM_CONVERSION = YES;
				CLANG_WARN_INFINITE_RECURSION = YES;
				CLANG_WARN_INT_CONVERSION = YES;
				CLANG_WARN_NON_LITERAL_NULL_CONVERSION = YES;
				CLANG_WARN_OBJC_IMPLICIT_RETAIN_SELF = YES;
				CLANG_WARN_OBJC_LITERAL_CONVERSION = YES;
				CLANG_WARN_OBJC_ROOT_CLASS = YES_ERROR;
				CLANG_WARN_QUOTED_INCLUDE_IN_FRAMEWORK_HEADER = YES;
				CLANG_WARN_RANGE_LOOP_ANALYSIS = YES;
				CLANG_WARN_STRICT_PROTOTYPES = YES;
				CLANG_WARN_SUSPICIOUS_MOVE = YES;
				CLANG_WARN_UNGUARDED_AVAILABILITY = YES_AGGRESSIVE;
				CLANG_WARN_UNREACHABLE_CODE = YES;
				CLANG_WARN__DUPLICATE_METHOD_MATCH = YES;
				COPY_PHASE_STRIP = NO;
				DEBUG_INFORMATION_FORMAT = "dwarf-with-dsym";
				ENABLE_NS_ASSERTIONS = NO;
				ENABLE_STRICT_OBJC_MSGSEND = YES;
				ENABLE_USER_SCRIPT_SANDBOXING = YES;
				GCC_C_LANGUAGE_STANDARD = gnu17;
				GCC_NO_COMMON_BLOCKS = YES;
				GCC_WARN_64_TO_32_BIT_CONVERSION = YES;
				GCC_WARN_ABOUT_RETURN_TYPE = YES_ERROR;
				GCC_WARN_UNDECLARED_SELECTOR = YES;
				GCC_WARN_UNINITIALIZED_AUTOS = YES_AGGRESSIVE;
				GCC_WARN_UNUSED_FUNCTION = YES;
				GCC_WARN_UNUSED_VARIABLE = YES;
				IPHONEOS_DEPLOYMENT_TARGET = 17.0;
				LOCALIZATION_PREFERS_STRING_CATALOGS = YES;
				MTL_ENABLE_DEBUG_INFO = NO;
				MTL_FAST_MATH = YES;
				SDKROOT = iphoneos;
				SWIFT_COMPILATION_MODE = wholemodule;
				VALIDATE_PRODUCT = YES;
			};
			name = Release;
		};
		004B4AF22AF21E3B0091160B /* Debug */ = {
			isa = XCBuildConfiguration;
			buildSettings = {
				ASSETCATALOG_COMPILER_APPICON_NAME = AppIcon;
				ASSETCATALOG_COMPILER_GLOBAL_ACCENT_COLOR_NAME = AccentColor;
				CODE_SIGN_STYLE = Automatic;
				CURRENT_PROJECT_VERSION = 1;
				DEVELOPMENT_ASSET_PATHS = "\"cupcakeCorner/Preview Content\"";
				ENABLE_PREVIEWS = YES;
				GENERATE_INFOPLIST_FILE = YES;
				INFOPLIST_KEY_UIApplicationSceneManifest_Generation = YES;
				INFOPLIST_KEY_UIApplicationSupportsIndirectInputEvents = YES;
				INFOPLIST_KEY_UILaunchScreen_Generation = YES;
				INFOPLIST_KEY_UISupportedInterfaceOrientations_iPad = "UIInterfaceOrientationPortrait UIInterfaceOrientationPortraitUpsideDown UIInterfaceOrientationLandscapeLeft UIInterfaceOrientationLandscapeRight";
				INFOPLIST_KEY_UISupportedInterfaceOrientations_iPhone = "UIInterfaceOrientationPortrait UIInterfaceOrientationLandscapeLeft UIInterfaceOrientationLandscapeRight";
				LD_RUNPATH_SEARCH_PATHS = (
					"$(inherited)",
					"@executable_path/Frameworks",
				);
				MARKETING_VERSION = 1.0;
				PRODUCT_BUNDLE_IDENTIFIER = com.acabes.cupcakeCorner;
				PRODUCT_NAME = "$(TARGET_NAME)";
				SWIFT_EMIT_LOC_STRINGS = YES;
				SWIFT_VERSION = 5.0;
				TARGETED_DEVICE_FAMILY = "1,2";
			};
			name = Debug;
		};
		004B4AF32AF21E3B0091160B /* Release */ = {
			isa = XCBuildConfiguration;
			buildSettings = {
				ASSETCATALOG_COMPILER_APPICON_NAME = AppIcon;
				ASSETCATALOG_COMPILER_GLOBAL_ACCENT_COLOR_NAME = AccentColor;
				CODE_SIGN_STYLE = Automatic;
				CURRENT_PROJECT_VERSION = 1;
				DEVELOPMENT_ASSET_PATHS = "\"cupcakeCorner/Preview Content\"";
				ENABLE_PREVIEWS = YES;
				GENERATE_INFOPLIST_FILE = YES;
				INFOPLIST_KEY_UIApplicationSceneManifest_Generation = YES;
				INFOPLIST_KEY_UIApplicationSupportsIndirectInputEvents = YES;
				INFOPLIST_KEY_UILaunchScreen_Generation = YES;
				INFOPLIST_KEY_UISupportedInterfaceOrientations_iPad = "UIInterfaceOrientationPortrait UIInterfaceOrientationPortraitUpsideDown UIInterfaceOrientationLandscapeLeft UIInterfaceOrientationLandscapeRight";
				INFOPLIST_KEY_UISupportedInterfaceOrientations_iPhone = "UIInterfaceOrientationPortrait UIInterfaceOrientationLandscapeLeft UIInterfaceOrientationLandscapeRight";
				LD_RUNPATH_SEARCH_PATHS = (
					"$(inherited)",
					"@executable_path/Frameworks",
				);
				MARKETING_VERSION = 1.0;
				PRODUCT_BUNDLE_IDENTIFIER = com.acabes.cupcakeCorner;
				PRODUCT_NAME = "$(TARGET_NAME)";
				SWIFT_EMIT_LOC_STRINGS = YES;
				SWIFT_VERSION = 5.0;
				TARGETED_DEVICE_FAMILY = "1,2";
			};
			name = Release;
		};
/* End XCBuildConfiguration section */

/* Begin XCConfigurationList section */
		004B4ADE2AF21E3A0091160B /* Build configuration list for PBXProject "cupcakeCorner" */ = {
			isa = XCConfigurationList;
			buildConfigurations = (
				004B4AEF2AF21E3B0091160B /* Debug */,
				004B4AF02AF21E3B0091160B /* Release */,
			);
			defaultConfigurationIsVisible = 0;
			defaultConfigurationName = Release;
		};
		004B4AF12AF21E3B0091160B /* Build configuration list for PBXNativeTarget "cupcakeCorner" */ = {
			isa = XCConfigurationList;
			buildConfigurations = (
				004B4AF22AF21E3B0091160B /* Debug */,
				004B4AF32AF21E3B0091160B /* Release */,
			);
			defaultConfigurationIsVisible = 0;
			defaultConfigurationName = Release;
		};
/* End XCConfigurationList section */

/* Begin XCVersionGroup section */
		001586892AF5003B008BF970 /* orderData.xcdatamodeld */ = {
			isa = XCVersionGroup;
			children = (
				0015868A2AF5003B008BF970 /* orderData.xcdatamodel */,
			);
			currentVersion = 0015868A2AF5003B008BF970 /* orderData.xcdatamodel */;
			path = orderData.xcdatamodeld;
			sourceTree = "<group>";
			versionGroupType = wrapper.xcdatamodel;
		};
/* End XCVersionGroup section */
	};
	rootObject = 004B4ADB2AF21E3A0091160B /* Project object */;
}
